
Microsoft Visual Studio Solution File, Format Version 12.00
# Visual Studio 2012
Project("{8BC9CEB8-8B4A-11D0-8D11-00A0C91BC942}") = "HW1", "Image\Image.vcxproj", "{10AA5D7E-3205-42C3-A2D3-9916BB8D2076}"
EndProject
Project("{8BC9CEB8-8B4A-11D0-8D11-00A0C91BC942}") = "HW2", "HW2\HW2.vcxproj", "{88A0256C-1B05-45CA-846C-A49ACF696092}"
EndProject
Global
	GlobalSection(SolutionConfigurationPlatforms) = preSolution
		Debug|Win32 = Debug|Win32
		Release|Win32 = Release|Win32
	EndGlobalSection
	GlobalSection(ProjectConfigurationPlatforms) = postSolution
		{10AA5D7E-3205-42C3-A2D3-9916BB8D2076}.Debug|Win32.ActiveCfg = Debug|Win32
		{10AA5D7E-3205-42C3-A2D3-9916BB8D2076}.Debug|Win32.Build.0 = Debug|Win32
		{10AA5D7E-3205-42C3-A2D3-9916BB8D2076}.Release|Win32.ActiveCfg = Release|Win32
		{10AA5D7E-3205-42C3-A2D3-9916BB8D2076}.Release|Win32.Build.0 = Release|Win32
		{88A0256C-1B05-45CA-846C-A49ACF696092}.Debug|Win32.ActiveCfg = Debug|Win32
		{88A0256C-1B05-45CA-846C-A49ACF696092}.Debug|Win32.Build.0 = Debug|Win32
		{88A0256C-1B05-45CA-846C-A49ACF696092}.Release|Win32.ActiveCfg = Release|Win32
		{88A0256C-1B05-45CA-846C-A49ACF696092}.Release|Win32.Build.0 = Release|Win32
	EndGlobalSection
	GlobalSection(SolutionProperties) = preSolution
		HideSolutionNode = FALSE
	EndGlobalSection
EndGlobal
